
Microsoft Visual Studio Solution File, Format Version 12.00
# Visual Studio 15
VisualStudioVersion = 15.0.26430.16
MinimumVisualStudioVersion = 10.0.40219.1
Project("{FAE04EC0-301F-11D3-BF4B-00C04F79EFBC}") = "ArtificialIntelligence", "ArtificialIntelligence.csproj", "{8894788D-757E-413F-B7FA-7EBEE784B549}"
EndProject
Project("{FAE04EC0-301F-11D3-BF4B-00C04F79EFBC}") = "MouseTest", "..\MouseTest\MouseTest.csproj", "{0C993312-821D-424D-940B-7F632839ABAE}"
EndProject
Project("{FAE04EC0-301F-11D3-BF4B-00C04F79EFBC}") = "NeuralNetwork", "..\NeuralNetwork\NeuralNetwork.csproj", "{597D63C9-F8C5-482F-9066-0900478EEBC8}"
EndProject
Project("{FAE04EC0-301F-11D3-BF4B-00C04F79EFBC}") = "MouseTest2", "..\MouseTest2\MouseTest2.csproj", "{9AB176FC-D91E-4A6C-B063-87F9CB393D73}"
EndProject
Project("{FAE04EC0-301F-11D3-BF4B-00C04F79EFBC}") = "MouseTest3", "..\MouseTest3\MouseTest3.csproj", "{5852B0D7-6E28-4893-8B08-210D90FB7F5B}"
EndProject
Project("{FAE04EC0-301F-11D3-BF4B-00C04F79EFBC}") = "MouseTest4", "..\MouseTest4\MouseTest4.csproj", "{C253C562-1311-4AF8-AFF5-2651C7362B43}"
EndProject
Project("{FAE04EC0-301F-11D3-BF4B-00C04F79EFBC}") = "MouseTest5", "..\MouseTest5\MouseTest5.csproj", "{43A6A922-1186-4722-A972-719FD4E37462}"
EndProject
Global
	GlobalSection(SolutionConfigurationPlatforms) = preSolution
		Debug|Any CPU = Debug|Any CPU
		Release|Any CPU = Release|Any CPU
	EndGlobalSection
	GlobalSection(ProjectConfigurationPlatforms) = postSolution
		{8894788D-757E-413F-B7FA-7EBEE784B549}.Debug|Any CPU.ActiveCfg = Debug|Any CPU
		{8894788D-757E-413F-B7FA-7EBEE784B549}.Debug|Any CPU.Build.0 = Debug|Any CPU
		{8894788D-757E-413F-B7FA-7EBEE784B549}.Release|Any CPU.ActiveCfg = Release|Any CPU
		{8894788D-757E-413F-B7FA-7EBEE784B549}.Release|Any CPU.Build.0 = Release|Any CPU
		{0C993312-821D-424D-940B-7F632839ABAE}.Debug|Any CPU.ActiveCfg = Debug|Any CPU
		{0C993312-821D-424D-940B-7F632839ABAE}.Debug|Any CPU.Build.0 = Debug|Any CPU
		{0C993312-821D-424D-940B-7F632839ABAE}.Release|Any CPU.ActiveCfg = Release|Any CPU
		{0C993312-821D-424D-940B-7F632839ABAE}.Release|Any CPU.Build.0 = Release|Any CPU
		{597D63C9-F8C5-482F-9066-0900478EEBC8}.Debug|Any CPU.ActiveCfg = Debug|Any CPU
		{597D63C9-F8C5-482F-9066-0900478EEBC8}.Debug|Any CPU.Build.0 = Debug|Any CPU
		{597D63C9-F8C5-482F-9066-0900478EEBC8}.Release|Any CPU.ActiveCfg = Release|Any CPU
		{597D63C9-F8C5-482F-9066-0900478EEBC8}.Release|Any CPU.Build.0 = Release|Any CPU
		{9AB176FC-D91E-4A6C-B063-87F9CB393D73}.Debug|Any CPU.ActiveCfg = Debug|Any CPU
		{9AB176FC-D91E-4A6C-B063-87F9CB393D73}.Debug|Any CPU.Build.0 = Debug|Any CPU
		{9AB176FC-D91E-4A6C-B063-87F9CB393D73}.Release|Any CPU.ActiveCfg = Release|Any CPU
		{9AB176FC-D91E-4A6C-B063-87F9CB393D73}.Release|Any CPU.Build.0 = Release|Any CPU
		{5852B0D7-6E28-4893-8B08-210D90FB7F5B}.Debug|Any CPU.ActiveCfg = Debug|Any CPU
		{5852B0D7-6E28-4893-8B08-210D90FB7F5B}.Debug|Any CPU.Build.0 = Debug|Any CPU
		{5852B0D7-6E28-4893-8B08-210D90FB7F5B}.Release|Any CPU.ActiveCfg = Release|Any CPU
		{5852B0D7-6E28-4893-8B08-210D90FB7F5B}.Release|Any CPU.Build.0 = Release|Any CPU
		{C253C562-1311-4AF8-AFF5-2651C7362B43}.Debug|Any CPU.ActiveCfg = Debug|Any CPU
		{C253C562-1311-4AF8-AFF5-2651C7362B43}.Debug|Any CPU.Build.0 = Debug|Any CPU
		{C253C562-1311-4AF8-AFF5-2651C7362B43}.Release|Any CPU.ActiveCfg = Release|Any CPU
		{C253C562-1311-4AF8-AFF5-2651C7362B43}.Release|Any CPU.Build.0 = Release|Any CPU
		{43A6A922-1186-4722-A972-719FD4E37462}.Debug|Any CPU.ActiveCfg = Debug|Any CPU
		{43A6A922-1186-4722-A972-719FD4E37462}.Debug|Any CPU.Build.0 = Debug|Any CPU
		{43A6A922-1186-4722-A972-719FD4E37462}.Release|Any CPU.ActiveCfg = Release|Any CPU
		{43A6A922-1186-4722-A972-719FD4E37462}.Release|Any CPU.Build.0 = Release|Any CPU
	EndGlobalSection
	GlobalSection(SolutionProperties) = preSolution
		HideSolutionNode = FALSE
	EndGlobalSection
	GlobalSection(ExtensibilityGlobals) = postSolution
		SolutionGuid = {C9BE695D-6994-4DEA-8627-6A02681B26EB}
	EndGlobalSection
EndGlobal
